
Microsoft Visual Studio Solution File, Format Version 12.00
# Visual Studio Version 17
VisualStudioVersion = 17.8.34330.188
MinimumVisualStudioVersion = 10.0.40219.1
Project("{FAE04EC0-301F-11D3-BF4B-00C04F79EFBC}") = "Monitoring.Service", "Monitoring.Service\Monitoring.Service.csproj", "{450D1419-AFEC-454C-97D8-BBB27C27CF2B}"
EndProject
Project("{FAE04EC0-301F-11D3-BF4B-00C04F79EFBC}") = "ServiceA", "ServiceA\ServiceA.csproj", "{5019419F-F174-4AAB-B63F-25A740586544}"
EndProject
Project("{FAE04EC0-301F-11D3-BF4B-00C04F79EFBC}") = "ServiceB", "ServiceB\ServiceB.csproj", "{A2CEF8FB-F728-4D4F-8D04-0F768D236426}"
EndProject
Global
	GlobalSection(SolutionConfigurationPlatforms) = preSolution
		Debug|Any CPU = Debug|Any CPU
		Release|Any CPU = Release|Any CPU
	EndGlobalSection
	GlobalSection(ProjectConfigurationPlatforms) = postSolution
		{450D1419-AFEC-454C-97D8-BBB27C27CF2B}.Debug|Any CPU.ActiveCfg = Debug|Any CPU
		{450D1419-AFEC-454C-97D8-BBB27C27CF2B}.Debug|Any CPU.Build.0 = Debug|Any CPU
		{450D1419-AFEC-454C-97D8-BBB27C27CF2B}.Release|Any CPU.ActiveCfg = Release|Any CPU
		{450D1419-AFEC-454C-97D8-BBB27C27CF2B}.Release|Any CPU.Build.0 = Release|Any CPU
		{5019419F-F174-4AAB-B63F-25A740586544}.Debug|Any CPU.ActiveCfg = Debug|Any CPU
		{5019419F-F174-4AAB-B63F-25A740586544}.Debug|Any CPU.Build.0 = Debug|Any CPU
		{5019419F-F174-4AAB-B63F-25A740586544}.Release|Any CPU.ActiveCfg = Release|Any CPU
		{5019419F-F174-4AAB-B63F-25A740586544}.Release|Any CPU.Build.0 = Release|Any CPU
		{A2CEF8FB-F728-4D4F-8D04-0F768D236426}.Debug|Any CPU.ActiveCfg = Debug|Any CPU
		{A2CEF8FB-F728-4D4F-8D04-0F768D236426}.Debug|Any CPU.Build.0 = Debug|Any CPU
		{A2CEF8FB-F728-4D4F-8D04-0F768D236426}.Release|Any CPU.ActiveCfg = Release|Any CPU
		{A2CEF8FB-F728-4D4F-8D04-0F768D236426}.Release|Any CPU.Build.0 = Release|Any CPU
	EndGlobalSection
	GlobalSection(SolutionProperties) = preSolution
		HideSolutionNode = FALSE
	EndGlobalSection
	GlobalSection(ExtensibilityGlobals) = postSolution
		SolutionGuid = {B4689DA8-74E9-487C-9FDC-10001FF7380D}
	EndGlobalSection
EndGlobal
